
Microsoft Visual Studio Solution File, Format Version 12.00
Project("{FAE04EC0-301F-11D3-BF4B-00C04F79EFBC}") = "DataFeedAPITP2", "DataFeedAPITP2\DataFeedAPITP2.csproj", "{7D1FC564-1624-406E-A4DA-13D85D6C0E83}"
EndProject
Project("{FAE04EC0-301F-11D3-BF4B-00C04F79EFBC}") = "TestProject1", "TestProject1\TestProject1.csproj", "{3D5B7BC5-91B0-4C93-8596-4CB4F1B11B64}"
EndProject
Global
	GlobalSection(SolutionConfigurationPlatforms) = preSolution
		Debug|Any CPU = Debug|Any CPU
		Release|Any CPU = Release|Any CPU
	EndGlobalSection
	GlobalSection(ProjectConfigurationPlatforms) = postSolution
		{7D1FC564-1624-406E-A4DA-13D85D6C0E83}.Debug|Any CPU.ActiveCfg = Debug|Any CPU
		{7D1FC564-1624-406E-A4DA-13D85D6C0E83}.Debug|Any CPU.Build.0 = Debug|Any CPU
		{7D1FC564-1624-406E-A4DA-13D85D6C0E83}.Release|Any CPU.ActiveCfg = Release|Any CPU
		{7D1FC564-1624-406E-A4DA-13D85D6C0E83}.Release|Any CPU.Build.0 = Release|Any CPU
		{3D5B7BC5-91B0-4C93-8596-4CB4F1B11B64}.Debug|Any CPU.ActiveCfg = Debug|Any CPU
		{3D5B7BC5-91B0-4C93-8596-4CB4F1B11B64}.Debug|Any CPU.Build.0 = Debug|Any CPU
		{3D5B7BC5-91B0-4C93-8596-4CB4F1B11B64}.Release|Any CPU.ActiveCfg = Release|Any CPU
		{3D5B7BC5-91B0-4C93-8596-4CB4F1B11B64}.Release|Any CPU.Build.0 = Release|Any CPU
	EndGlobalSection
EndGlobal
